
Microsoft Visual Studio Solution File, Format Version 12.00
# Visual Studio Version 17
VisualStudioVersion = 17.7.34024.191
MinimumVisualStudioVersion = 10.0.40219.1
Project("{FAE04EC0-301F-11D3-BF4B-00C04F79EFBC}") = "Scrapper", "Scrapper\Scrapper.csproj", "{29C6C529-DA8E-4973-B5DC-CEB9C99D862F}"
EndProject
Global
	GlobalSection(SolutionConfigurationPlatforms) = preSolution
		Debug|Any CPU = Debug|Any CPU
		Release|Any CPU = Release|Any CPU
	EndGlobalSection
	GlobalSection(ProjectConfigurationPlatforms) = postSolution
		{29C6C529-DA8E-4973-B5DC-CEB9C99D862F}.Debug|Any CPU.ActiveCfg = Debug|Any CPU
		{29C6C529-DA8E-4973-B5DC-CEB9C99D862F}.Debug|Any CPU.Build.0 = Debug|Any CPU
		{29C6C529-DA8E-4973-B5DC-CEB9C99D862F}.Release|Any CPU.ActiveCfg = Release|Any CPU
		{29C6C529-DA8E-4973-B5DC-CEB9C99D862F}.Release|Any CPU.Build.0 = Release|Any CPU
	EndGlobalSection
	GlobalSection(SolutionProperties) = preSolution
		HideSolutionNode = FALSE
	EndGlobalSection
	GlobalSection(ExtensibilityGlobals) = postSolution
		SolutionGuid = {BDF240CD-6336-4167-885C-AAE97C4DF759}
	EndGlobalSection
EndGlobal
